
Microsoft Visual Studio Solution File, Format Version 12.00
# Visual Studio 15
VisualStudioVersion = 15.0.28307.1209
MinimumVisualStudioVersion = 10.0.40219.1
Project("{FAE04EC0-301F-11D3-BF4B-00C04F79EFBC}") = "WFAUniversityRanking", "WFAUniversityRanking\WFAUniversityRanking.csproj", "{5F96AFE1-4542-488A-94C7-C1668F5260E2}"
EndProject
Project("{FAE04EC0-301F-11D3-BF4B-00C04F79EFBC}") = "BusinessLogicLayer", "BusinessLogicLayer\BusinessLogicLayer.csproj", "{B02B071C-A156-47A7-A3E0-AC03BBE75F53}"
EndProject
Project("{FAE04EC0-301F-11D3-BF4B-00C04F79EFBC}") = "WFAUniversityRankingTests", "WFAUniversityRankingTests\WFAUniversityRankingTests.csproj", "{A9E62639-B7BC-41C8-B641-9818CEB33FC7}"
EndProject
Global
	GlobalSection(SolutionConfigurationPlatforms) = preSolution
		Debug|Any CPU = Debug|Any CPU
		Release|Any CPU = Release|Any CPU
	EndGlobalSection
	GlobalSection(ProjectConfigurationPlatforms) = postSolution
		{5F96AFE1-4542-488A-94C7-C1668F5260E2}.Debug|Any CPU.ActiveCfg = Debug|Any CPU
		{5F96AFE1-4542-488A-94C7-C1668F5260E2}.Debug|Any CPU.Build.0 = Debug|Any CPU
		{5F96AFE1-4542-488A-94C7-C1668F5260E2}.Release|Any CPU.ActiveCfg = Release|Any CPU
		{5F96AFE1-4542-488A-94C7-C1668F5260E2}.Release|Any CPU.Build.0 = Release|Any CPU
		{B02B071C-A156-47A7-A3E0-AC03BBE75F53}.Debug|Any CPU.ActiveCfg = Debug|Any CPU
		{B02B071C-A156-47A7-A3E0-AC03BBE75F53}.Debug|Any CPU.Build.0 = Debug|Any CPU
		{B02B071C-A156-47A7-A3E0-AC03BBE75F53}.Release|Any CPU.ActiveCfg = Release|Any CPU
		{B02B071C-A156-47A7-A3E0-AC03BBE75F53}.Release|Any CPU.Build.0 = Release|Any CPU
		{A9E62639-B7BC-41C8-B641-9818CEB33FC7}.Debug|Any CPU.ActiveCfg = Debug|Any CPU
		{A9E62639-B7BC-41C8-B641-9818CEB33FC7}.Debug|Any CPU.Build.0 = Debug|Any CPU
		{A9E62639-B7BC-41C8-B641-9818CEB33FC7}.Release|Any CPU.ActiveCfg = Release|Any CPU
		{A9E62639-B7BC-41C8-B641-9818CEB33FC7}.Release|Any CPU.Build.0 = Release|Any CPU
	EndGlobalSection
	GlobalSection(SolutionProperties) = preSolution
		HideSolutionNode = FALSE
	EndGlobalSection
	GlobalSection(ExtensibilityGlobals) = postSolution
		SolutionGuid = {658E6E51-9164-442C-9D21-BE05FF1D2201}
	EndGlobalSection
EndGlobal
